
Terraform used the selected providers to generate the following execution
plan. Resource actions are indicated with the following symbols:
  + create

Terraform will perform the following actions:

  # module.test-vm.yandex_compute_instance.vm[0] will be created
  + resource "yandex_compute_instance" "vm" {
      + allow_stopping_for_update = true
      + created_at                = (known after apply)
      + description               = "TODO: description; {{terraform managed}}"
      + folder_id                 = (known after apply)
      + fqdn                      = (known after apply)
      + gpu_cluster_id            = (known after apply)
      + hostname                  = "develop-web-0"
      + id                        = (known after apply)
      + labels                    = {
          + "env"     = "develop"
          + "project" = "undefined"
        }
      + metadata                  = {
          + "serial-port-enable" = "1"
          + "user-data"          = <<-EOT
                #cloud-config
                users:
                  - name: ubuntu
                    groups: sudo
                    shell: /bin/bash
                    sudo: ['ALL=(ALL) NOPASSWD:ALL']
                    ssh_authorized_keys:
                     - ssh-ed25519 AAAAC3NzaC1lZDI1NTE5AAAAIEjBw2CVuuBD5CzoFJ7ift/tKRhuCfa5wQgskBNzTXXQ netology
                
                package_update: true
                package_upgrade: false
                packages:
                 - vim
                 - nginx
            EOT
        }
      + name                      = "develop-web-0"
      + network_acceleration_type = "standard"
      + platform_id               = "standard-v1"
      + service_account_id        = (known after apply)
      + status                    = (known after apply)
      + zone                      = "ru-central1-a"

      + boot_disk {
          + auto_delete = true
          + device_name = (known after apply)
          + disk_id     = (known after apply)
          + mode        = (known after apply)

          + initialize_params {
              + block_size  = (known after apply)
              + description = (known after apply)
              + image_id    = "fd8qssu7gclkmoi9flt4"
              + name        = (known after apply)
              + size        = 10
              + snapshot_id = (known after apply)
              + type        = "network-hdd"
            }
        }

      + metadata_options {
          + aws_v1_http_endpoint = (known after apply)
          + aws_v1_http_token    = (known after apply)
          + gce_http_endpoint    = (known after apply)
          + gce_http_token       = (known after apply)
        }

      + network_interface {
          + index              = (known after apply)
          + ip_address         = (known after apply)
          + ipv4               = true
          + ipv6               = (known after apply)
          + ipv6_address       = (known after apply)
          + mac_address        = (known after apply)
          + nat                = true
          + nat_ip_address     = (known after apply)
          + nat_ip_version     = (known after apply)
          + security_group_ids = (known after apply)
          + subnet_id          = (known after apply)
        }

      + placement_policy {
          + host_affinity_rules = (known after apply)
          + placement_group_id  = (known after apply)
        }

      + resources {
          + core_fraction = 5
          + cores         = 2
          + memory        = 1
        }

      + scheduling_policy {
          + preemptible = true
        }
    }

  # module.test-vm.yandex_compute_instance.vm[1] will be created
  + resource "yandex_compute_instance" "vm" {
      + allow_stopping_for_update = true
      + created_at                = (known after apply)
      + description               = "TODO: description; {{terraform managed}}"
      + folder_id                 = (known after apply)
      + fqdn                      = (known after apply)
      + gpu_cluster_id            = (known after apply)
      + hostname                  = "develop-web-1"
      + id                        = (known after apply)
      + labels                    = {
          + "env"     = "develop"
          + "project" = "undefined"
        }
      + metadata                  = {
          + "serial-port-enable" = "1"
          + "user-data"          = <<-EOT
                #cloud-config
                users:
                  - name: ubuntu
                    groups: sudo
                    shell: /bin/bash
                    sudo: ['ALL=(ALL) NOPASSWD:ALL']
                    ssh_authorized_keys:
                     - ssh-ed25519 AAAAC3NzaC1lZDI1NTE5AAAAIEjBw2CVuuBD5CzoFJ7ift/tKRhuCfa5wQgskBNzTXXQ netology
                
                package_update: true
                package_upgrade: false
                packages:
                 - vim
                 - nginx
            EOT
        }
      + name                      = "develop-web-1"
      + network_acceleration_type = "standard"
      + platform_id               = "standard-v1"
      + service_account_id        = (known after apply)
      + status                    = (known after apply)
      + zone                      = "ru-central1-b"

      + boot_disk {
          + auto_delete = true
          + device_name = (known after apply)
          + disk_id     = (known after apply)
          + mode        = (known after apply)

          + initialize_params {
              + block_size  = (known after apply)
              + description = (known after apply)
              + image_id    = "fd8qssu7gclkmoi9flt4"
              + name        = (known after apply)
              + size        = 10
              + snapshot_id = (known after apply)
              + type        = "network-hdd"
            }
        }

      + metadata_options {
          + aws_v1_http_endpoint = (known after apply)
          + aws_v1_http_token    = (known after apply)
          + gce_http_endpoint    = (known after apply)
          + gce_http_token       = (known after apply)
        }

      + network_interface {
          + index              = (known after apply)
          + ip_address         = (known after apply)
          + ipv4               = true
          + ipv6               = (known after apply)
          + ipv6_address       = (known after apply)
          + mac_address        = (known after apply)
          + nat                = true
          + nat_ip_address     = (known after apply)
          + nat_ip_version     = (known after apply)
          + security_group_ids = (known after apply)
          + subnet_id          = (known after apply)
        }

      + placement_policy {
          + host_affinity_rules = (known after apply)
          + placement_group_id  = (known after apply)
        }

      + resources {
          + core_fraction = 5
          + cores         = 2
          + memory        = 1
        }

      + scheduling_policy {
          + preemptible = true
        }
    }

  # module.vpc.yandex_vpc_network.develop will be created
  + resource "yandex_vpc_network" "develop" {
      + created_at                = (known after apply)
      + default_security_group_id = (known after apply)
      + folder_id                 = (known after apply)
      + id                        = (known after apply)
      + labels                    = (known after apply)
      + name                      = "develop"
      + subnet_ids                = (known after apply)
    }

  # module.vpc.yandex_vpc_subnet.develop[0] will be created
  + resource "yandex_vpc_subnet" "develop" {
      + created_at     = (known after apply)
      + folder_id      = (known after apply)
      + id             = (known after apply)
      + labels         = (known after apply)
      + name           = "develop-ru-central1-b-ru-central1-a"
      + network_id     = (known after apply)
      + v4_cidr_blocks = [
          + "10.0.1.0/24",
        ]
      + v6_cidr_blocks = (known after apply)
      + zone           = "ru-central1-a"
    }

  # module.vpc.yandex_vpc_subnet.develop[1] will be created
  + resource "yandex_vpc_subnet" "develop" {
      + created_at     = (known after apply)
      + folder_id      = (known after apply)
      + id             = (known after apply)
      + labels         = (known after apply)
      + name           = "develop-ru-central1-b-ru-central1-b"
      + network_id     = (known after apply)
      + v4_cidr_blocks = [
          + "10.0.2.0/24",
        ]
      + v6_cidr_blocks = (known after apply)
      + zone           = "ru-central1-b"
    }

  # module.vpc.yandex_vpc_subnet.develop[2] will be created
  + resource "yandex_vpc_subnet" "develop" {
      + created_at     = (known after apply)
      + folder_id      = (known after apply)
      + id             = (known after apply)
      + labels         = (known after apply)
      + name           = "develop-ru-central1-b-ru-central1-c"
      + network_id     = (known after apply)
      + v4_cidr_blocks = [
          + "10.0.3.0/24",
        ]
      + v6_cidr_blocks = (known after apply)
      + zone           = "ru-central1-c"
    }

Plan: 6 to add, 0 to change, 0 to destroy.
